schema: '2.0'
stages:
  prepare_data:
    cmd: python src/data/prepare_data.py
    deps:
    - path: src/data/prepare_data.py
      hash: md5
      md5: df2150c18fde73f7ec9b3f5fb340f512
      size: 1148
    outs:
    - path: data/processed/test.npz
      hash: md5
      md5: 8eee107c0204b6899d35ef0b10b556b1
      size: 30730490
    - path: data/processed/train.npz
      hash: md5
      md5: a894ca1bfe61c387a6e106569eff52cc
      size: 153650490
  train_model:
    cmd: python src/train/train_model.py
    deps:
    - path: data/processed/test.npz
      hash: md5
      md5: 8eee107c0204b6899d35ef0b10b556b1
      size: 30730490
    - path: data/processed/train.npz
      hash: md5
      md5: a894ca1bfe61c387a6e106569eff52cc
      size: 153650490
    - path: src/train/train_model.py
      hash: md5
      md5: 890abb6a619280ee4528faf95e02c6c0
      size: 1899
    outs:
    - path: models/cifar10_model.h5
      hash: md5
      md5: b8bdef5c58bae67a974418098fa7762b
      size: 1523672
  evaluate_model:
    cmd: python src/eval/evaluate_model.py
    deps:
    - path: data/processed/test.npz
      hash: md5
      md5: 8eee107c0204b6899d35ef0b10b556b1
      size: 30730490
    - path: models/cifar10_model.h5
      hash: md5
      md5: b8bdef5c58bae67a974418098fa7762b
      size: 1523672
    - path: src/train/train_model.py
      hash: md5
      md5: 890abb6a619280ee4528faf95e02c6c0
      size: 1899
